
Microsoft Visual Studio Solution File, Format Version 12.00
# Visual Studio 14
VisualStudioVersion = 14.0.24720.0
MinimumVisualStudioVersion = 10.0.40219.1
Project("{8BC9CEB8-8B4A-11D0-8D11-00A0C91BC942}") = "Server", "Server\Server.vcxproj", "{19C1E3E2-F21C-496E-B41B-B2F91B6A6711}"
EndProject
Project("{8BC9CEB8-8B4A-11D0-8D11-00A0C91BC942}") = "Client", "Client\Client.vcxproj", "{6A459564-65D0-49A4-A2B4-5AA5D6B41BE4}"
EndProject
Global
	GlobalSection(SolutionConfigurationPlatforms) = preSolution
		Debug|x64 = Debug|x64
		Debug|x86 = Debug|x86
		Release|x64 = Release|x64
		Release|x86 = Release|x86
	EndGlobalSection
	GlobalSection(ProjectConfigurationPlatforms) = postSolution
		{19C1E3E2-F21C-496E-B41B-B2F91B6A6711}.Debug|x64.ActiveCfg = Debug|x64
		{19C1E3E2-F21C-496E-B41B-B2F91B6A6711}.Debug|x64.Build.0 = Debug|x64
		{19C1E3E2-F21C-496E-B41B-B2F91B6A6711}.Debug|x86.ActiveCfg = Debug|Win32
		{19C1E3E2-F21C-496E-B41B-B2F91B6A6711}.Debug|x86.Build.0 = Debug|Win32
		{19C1E3E2-F21C-496E-B41B-B2F91B6A6711}.Release|x64.ActiveCfg = Release|x64
		{19C1E3E2-F21C-496E-B41B-B2F91B6A6711}.Release|x64.Build.0 = Release|x64
		{19C1E3E2-F21C-496E-B41B-B2F91B6A6711}.Release|x86.ActiveCfg = Release|Win32
		{19C1E3E2-F21C-496E-B41B-B2F91B6A6711}.Release|x86.Build.0 = Release|Win32
		{6A459564-65D0-49A4-A2B4-5AA5D6B41BE4}.Debug|x64.ActiveCfg = Debug|x64
		{6A459564-65D0-49A4-A2B4-5AA5D6B41BE4}.Debug|x64.Build.0 = Debug|x64
		{6A459564-65D0-49A4-A2B4-5AA5D6B41BE4}.Debug|x86.ActiveCfg = Debug|Win32
		{6A459564-65D0-49A4-A2B4-5AA5D6B41BE4}.Debug|x86.Build.0 = Debug|Win32
		{6A459564-65D0-49A4-A2B4-5AA5D6B41BE4}.Release|x64.ActiveCfg = Release|x64
		{6A459564-65D0-49A4-A2B4-5AA5D6B41BE4}.Release|x64.Build.0 = Release|x64
		{6A459564-65D0-49A4-A2B4-5AA5D6B41BE4}.Release|x86.ActiveCfg = Release|Win32
		{6A459564-65D0-49A4-A2B4-5AA5D6B41BE4}.Release|x86.Build.0 = Release|Win32
	EndGlobalSection
	GlobalSection(SolutionProperties) = preSolution
		HideSolutionNode = FALSE
	EndGlobalSection
EndGlobal
